
Microsoft Visual Studio Solution File, Format Version 12.00
# Visual Studio Version 16
VisualStudioVersion = 16.0.31321.278
MinimumVisualStudioVersion = 10.0.40219.1
Project("{FAE04EC0-301F-11D3-BF4B-00C04F79EFBC}") = "HouseCustomerAPI", "HouseCustomerAPI.csproj", "{77F77BAD-1913-4A0F-A272-85CD0C1C875F}"
EndProject
Global
	GlobalSection(SolutionConfigurationPlatforms) = preSolution
		Debug|Any CPU = Debug|Any CPU
		Release|Any CPU = Release|Any CPU
	EndGlobalSection
	GlobalSection(ProjectConfigurationPlatforms) = postSolution
		{77F77BAD-1913-4A0F-A272-85CD0C1C875F}.Debug|Any CPU.ActiveCfg = Debug|Any CPU
		{77F77BAD-1913-4A0F-A272-85CD0C1C875F}.Debug|Any CPU.Build.0 = Debug|Any CPU
		{77F77BAD-1913-4A0F-A272-85CD0C1C875F}.Release|Any CPU.ActiveCfg = Release|Any CPU
		{77F77BAD-1913-4A0F-A272-85CD0C1C875F}.Release|Any CPU.Build.0 = Release|Any CPU
	EndGlobalSection
	GlobalSection(SolutionProperties) = preSolution
		HideSolutionNode = FALSE
	EndGlobalSection
	GlobalSection(ExtensibilityGlobals) = postSolution
		SolutionGuid = {46642ED9-E9CF-4C7F-AEB6-DA0261AF325D}
	EndGlobalSection
EndGlobal
